// !$*UTF8*$!
{
	archiveVersion = 1;
	classes = {
	};
	objectVersion = 55;
	objects = {

/* Begin PBXBuildFile section */
		C617CEC2286A066A001147C9 /* EditModel.swift in Sources */ = {isa = PBXBuildFile; fileRef = C617CEC1286A066A001147C9 /* EditModel.swift */; };
		C65962192868B7480095CD58 /* ContentView-ViewModel.swift in Sources */ = {isa = PBXBuildFile; fileRef = C65962182868B7480095CD58 /* ContentView-ViewModel.swift */; };
		C659621B2868C0FA0095CD58 /* FileManagerDocument.swift in Sources */ = {isa = PBXBuildFile; fileRef = C659621A2868C0FA0095CD58 /* FileManagerDocument.swift */; };
		C65B39902867C52B00D8C968 /* EditView.swift in Sources */ = {isa = PBXBuildFile; fileRef = C65B398F2867C52B00D8C968 /* EditView.swift */; };
		C65B39922867D99A00D8C968 /* Result.swift in Sources */ = {isa = PBXBuildFile; fileRef = C65B39912867D99A00D8C968 /* Result.swift */; };
		C6CF7D4E28666FB4000C4B1E /* Location.swift in Sources */ = {isa = PBXBuildFile; fileRef = C6CF7D4D28666FB4000C4B1E /* Location.swift */; };
		C6D5D73D2865247D00C66EF0 /* CoordinatorUIApp.swift in Sources */ = {isa = PBXBuildFile; fileRef = C6D5D73C2865247D00C66EF0 /* CoordinatorUIApp.swift */; };
		C6D5D73F2865247D00C66EF0 /* ContentView.swift in Sources */ = {isa = PBXBuildFile; fileRef = C6D5D73E2865247D00C66EF0 /* ContentView.swift */; };
		C6D5D7412865247F00C66EF0 /* Assets.xcassets in Resources */ = {isa = PBXBuildFile; fileRef = C6D5D7402865247F00C66EF0 /* Assets.xcassets */; };
		C6D5D7442865247F00C66EF0 /* Preview Assets.xcassets in Resources */ = {isa = PBXBuildFile; fileRef = C6D5D7432865247F00C66EF0 /* Preview Assets.xcassets */; };
		C6D5D74E2865247F00C66EF0 /* CoordinatorUITests.swift in Sources */ = {isa = PBXBuildFile; fileRef = C6D5D74D2865247F00C66EF0 /* CoordinatorUITests.swift */; };
		C6D5D7582865247F00C66EF0 /* CoordinatorUIUITests.swift in Sources */ = {isa = PBXBuildFile; fileRef = C6D5D7572865247F00C66EF0 /* CoordinatorUIUITests.swift */; };
		C6D5D75A2865247F00C66EF0 /* CoordinatorUIUITestsLaunchTests.swift in Sources */ = {isa = PBXBuildFile; fileRef = C6D5D7592865247F00C66EF0 /* CoordinatorUIUITestsLaunchTests.swift */; };
		C6D5D76828652B3700C66EF0 /* Chat.swift in Sources */ = {isa = PBXBuildFile; fileRef = C6D5D76728652B3700C66EF0 /* Chat.swift */; };
		C6D5D76A28652BAA00C66EF0 /* Message.swift in Sources */ = {isa = PBXBuildFile; fileRef = C6D5D76928652BAA00C66EF0 /* Message.swift */; };
		C6D5D76D28652CD600C66EF0 /* ChatService.swift in Sources */ = {isa = PBXBuildFile; fileRef = C6D5D76C28652CD600C66EF0 /* ChatService.swift */; };
		C6D5D775286543B900C66EF0 /* User.swift in Sources */ = {isa = PBXBuildFile; fileRef = C6D5D774286543B900C66EF0 /* User.swift */; };
/* End PBXBuildFile section */

/* Begin PBXContainerItemProxy section */
		C6D5D74A2865247F00C66EF0 /* PBXContainerItemProxy */ = {
			isa = PBXContainerItemProxy;
			containerPortal = C6D5D7312865247D00C66EF0 /* Project object */;
			proxyType = 1;
			remoteGlobalIDString = C6D5D7382865247D00C66EF0;
			remoteInfo = CoordinatorUI;
		};
		C6D5D7542865247F00C66EF0 /* PBXContainerItemProxy */ = {
			isa = PBXContainerItemProxy;
			containerPortal = C6D5D7312865247D00C66EF0 /* Project object */;
			proxyType = 1;
			remoteGlobalIDString = C6D5D7382865247D00C66EF0;
			remoteInfo = CoordinatorUI;
		};
/* End PBXContainerItemProxy section */

/* Begin PBXFileReference section */
		C617CEC1286A066A001147C9 /* EditModel.swift */ = {isa = PBXFileReference; lastKnownFileType = sourcecode.swift; path = EditModel.swift; sourceTree = "<group>"; };
		C65962182868B7480095CD58 /* ContentView-ViewModel.swift */ = {isa = PBXFileReference; lastKnownFileType = sourcecode.swift; path = "ContentView-ViewModel.swift"; sourceTree = "<group>"; };
		C659621A2868C0FA0095CD58 /* FileManagerDocument.swift */ = {isa = PBXFileReference; lastKnownFileType = sourcecode.swift; path = FileManagerDocument.swift; sourceTree = "<group>"; };
		C65B398F2867C52B00D8C968 /* EditView.swift */ = {isa = PBXFileReference; lastKnownFileType = sourcecode.swift; path = EditView.swift; sourceTree = "<group>"; };
		C65B39912867D99A00D8C968 /* Result.swift */ = {isa = PBXFileReference; lastKnownFileType = sourcecode.swift; path = Result.swift; sourceTree = "<group>"; };
		C6CF7D4D28666FB4000C4B1E /* Location.swift */ = {isa = PBXFileReference; lastKnownFileType = sourcecode.swift; path = Location.swift; sourceTree = "<group>"; };
		C6D5D7392865247D00C66EF0 /* CoordinatorUI.app */ = {isa = PBXFileReference; explicitFileType = wrapper.application; includeInIndex = 0; path = CoordinatorUI.app; sourceTree = BUILT_PRODUCTS_DIR; };
		C6D5D73C2865247D00C66EF0 /* CoordinatorUIApp.swift */ = {isa = PBXFileReference; lastKnownFileType = sourcecode.swift; path = CoordinatorUIApp.swift; sourceTree = "<group>"; };
		C6D5D73E2865247D00C66EF0 /* ContentView.swift */ = {isa = PBXFileReference; lastKnownFileType = sourcecode.swift; path = ContentView.swift; sourceTree = "<group>"; };
		C6D5D7402865247F00C66EF0 /* Assets.xcassets */ = {isa = PBXFileReference; lastKnownFileType = folder.assetcatalog; path = Assets.xcassets; sourceTree = "<group>"; };
		C6D5D7432865247F00C66EF0 /* Preview Assets.xcassets */ = {isa = PBXFileReference; lastKnownFileType = folder.assetcatalog; path = "Preview Assets.xcassets"; sourceTree = "<group>"; };
		C6D5D7492865247F00C66EF0 /* CoordinatorUITests.xctest */ = {isa = PBXFileReference; explicitFileType = wrapper.cfbundle; includeInIndex = 0; path = CoordinatorUITests.xctest; sourceTree = BUILT_PRODUCTS_DIR; };
		C6D5D74D2865247F00C66EF0 /* CoordinatorUITests.swift */ = {isa = PBXFileReference; lastKnownFileType = sourcecode.swift; path = CoordinatorUITests.swift; sourceTree = "<group>"; };
		C6D5D7532865247F00C66EF0 /* CoordinatorUIUITests.xctest */ = {isa = PBXFileReference; explicitFileType = wrapper.cfbundle; includeInIndex = 0; path = CoordinatorUIUITests.xctest; sourceTree = BUILT_PRODUCTS_DIR; };
		C6D5D7572865247F00C66EF0 /* CoordinatorUIUITests.swift */ = {isa = PBXFileReference; lastKnownFileType = sourcecode.swift; path = CoordinatorUIUITests.swift; sourceTree = "<group>"; };
		C6D5D7592865247F00C66EF0 /* CoordinatorUIUITestsLaunchTests.swift */ = {isa = PBXFileReference; lastKnownFileType = sourcecode.swift; path = CoordinatorUIUITestsLaunchTests.swift; sourceTree = "<group>"; };
		C6D5D76728652B3700C66EF0 /* Chat.swift */ = {isa = PBXFileReference; lastKnownFileType = sourcecode.swift; path = Chat.swift; sourceTree = "<group>"; };
		C6D5D76928652BAA00C66EF0 /* Message.swift */ = {isa = PBXFileReference; lastKnownFileType = sourcecode.swift; path = Message.swift; sourceTree = "<group>"; };
		C6D5D76C28652CD600C66EF0 /* ChatService.swift */ = {isa = PBXFileReference; lastKnownFileType = sourcecode.swift; path = ChatService.swift; sourceTree = "<group>"; };
		C6D5D774286543B900C66EF0 /* User.swift */ = {isa = PBXFileReference; lastKnownFileType = sourcecode.swift; path = User.swift; sourceTree = "<group>"; };
/* End PBXFileReference section */

/* Begin PBXFrameworksBuildPhase section */
		C6D5D7362865247D00C66EF0 /* Frameworks */ = {
			isa = PBXFrameworksBuildPhase;
			buildActionMask = 2147483647;
			files = (
			);
			runOnlyForDeploymentPostprocessing = 0;
		};
		C6D5D7462865247F00C66EF0 /* Frameworks */ = {
			isa = PBXFrameworksBuildPhase;
			buildActionMask = 2147483647;
			files = (
			);
			runOnlyForDeploymentPostprocessing = 0;
		};
		C6D5D7502865247F00C66EF0 /* Frameworks */ = {
			isa = PBXFrameworksBuildPhase;
			buildActionMask = 2147483647;
			files = (
			);
			runOnlyForDeploymentPostprocessing = 0;
		};
/* End PBXFrameworksBuildPhase section */

/* Begin PBXGroup section */
		C65B398E2867C4F900D8C968 /* View */ = {
			isa = PBXGroup;
			children = (
				C65B398F2867C52B00D8C968 /* EditView.swift */,
				C6D5D73E2865247D00C66EF0 /* ContentView.swift */,
			);
			path = View;
			sourceTree = "<group>";
		};
		C6D5D7302865247D00C66EF0 = {
			isa = PBXGroup;
			children = (
				C6D5D73B2865247D00C66EF0 /* CoordinatorUI */,
				C6D5D74C2865247F00C66EF0 /* CoordinatorUITests */,
				C6D5D7562865247F00C66EF0 /* CoordinatorUIUITests */,
				C6D5D73A2865247D00C66EF0 /* Products */,
			);
			sourceTree = "<group>";
		};
		C6D5D73A2865247D00C66EF0 /* Products */ = {
			isa = PBXGroup;
			children = (
				C6D5D7392865247D00C66EF0 /* CoordinatorUI.app */,
				C6D5D7492865247F00C66EF0 /* CoordinatorUITests.xctest */,
				C6D5D7532865247F00C66EF0 /* CoordinatorUIUITests.xctest */,
			);
			name = Products;
			sourceTree = "<group>";
		};
		C6D5D73B2865247D00C66EF0 /* CoordinatorUI */ = {
			isa = PBXGroup;
			children = (
				C65B398E2867C4F900D8C968 /* View */,
				C6D5D76B28652C7700C66EF0 /* ViewModels */,
				C6D5D76628652B1100C66EF0 /* Models */,
				C6D5D73C2865247D00C66EF0 /* CoordinatorUIApp.swift */,
				C6D5D7402865247F00C66EF0 /* Assets.xcassets */,
				C6D5D7422865247F00C66EF0 /* Preview Content */,
			);
			path = CoordinatorUI;
			sourceTree = "<group>";
		};
		C6D5D7422865247F00C66EF0 /* Preview Content */ = {
			isa = PBXGroup;
			children = (
				C6D5D7432865247F00C66EF0 /* Preview Assets.xcassets */,
			);
			path = "Preview Content";
			sourceTree = "<group>";
		};
		C6D5D74C2865247F00C66EF0 /* CoordinatorUITests */ = {
			isa = PBXGroup;
			children = (
				C6D5D74D2865247F00C66EF0 /* CoordinatorUITests.swift */,
			);
			path = CoordinatorUITests;
			sourceTree = "<group>";
		};
		C6D5D7562865247F00C66EF0 /* CoordinatorUIUITests */ = {
			isa = PBXGroup;
			children = (
				C6D5D7572865247F00C66EF0 /* CoordinatorUIUITests.swift */,
				C6D5D7592865247F00C66EF0 /* CoordinatorUIUITestsLaunchTests.swift */,
			);
			path = CoordinatorUIUITests;
			sourceTree = "<group>";
		};
		C6D5D76628652B1100C66EF0 /* Models */ = {
			isa = PBXGroup;
			children = (
				C6D5D76728652B3700C66EF0 /* Chat.swift */,
				C6D5D76928652BAA00C66EF0 /* Message.swift */,
				C6D5D774286543B900C66EF0 /* User.swift */,
				C6CF7D4D28666FB4000C4B1E /* Location.swift */,
				C65B39912867D99A00D8C968 /* Result.swift */,
			);
			path = Models;
			sourceTree = "<group>";
		};
		C6D5D76B28652C7700C66EF0 /* ViewModels */ = {
			isa = PBXGroup;
			children = (
				C6D5D76C28652CD600C66EF0 /* ChatService.swift */,
				C65962182868B7480095CD58 /* ContentView-ViewModel.swift */,
				C659621A2868C0FA0095CD58 /* FileManagerDocument.swift */,
				C617CEC1286A066A001147C9 /* EditModel.swift */,
			);
			path = ViewModels;
			sourceTree = "<group>";
		};
/* End PBXGroup section */

/* Begin PBXNativeTarget section */
		C6D5D7382865247D00C66EF0 /* CoordinatorUI */ = {
			isa = PBXNativeTarget;
			buildConfigurationList = C6D5D75D2865247F00C66EF0 /* Build configuration list for PBXNativeTarget "CoordinatorUI" */;
			buildPhases = (
				C6D5D7352865247D00C66EF0 /* Sources */,
				C6D5D7362865247D00C66EF0 /* Frameworks */,
				C6D5D7372865247D00C66EF0 /* Resources */,
			);
			buildRules = (
			);
			dependencies = (
			);
			name = CoordinatorUI;
			productName = CoordinatorUI;
			productReference = C6D5D7392865247D00C66EF0 /* CoordinatorUI.app */;
			productType = "com.apple.product-type.application";
		};
		C6D5D7482865247F00C66EF0 /* CoordinatorUITests */ = {
			isa = PBXNativeTarget;
			buildConfigurationList = C6D5D7602865247F00C66EF0 /* Build configuration list for PBXNativeTarget "CoordinatorUITests" */;
			buildPhases = (
				C6D5D7452865247F00C66EF0 /* Sources */,
				C6D5D7462865247F00C66EF0 /* Frameworks */,
				C6D5D7472865247F00C66EF0 /* Resources */,
			);
			buildRules = (
			);
			dependencies = (
				C6D5D74B2865247F00C66EF0 /* PBXTargetDependency */,
			);
			name = CoordinatorUITests;
			productName = CoordinatorUITests;
			productReference = C6D5D7492865247F00C66EF0 /* CoordinatorUITests.xctest */;
			productType = "com.apple.product-type.bundle.unit-test";
		};
		C6D5D7522865247F00C66EF0 /* CoordinatorUIUITests */ = {
			isa = PBXNativeTarget;
			buildConfigurationList = C6D5D7632865247F00C66EF0 /* Build configuration list for PBXNativeTarget "CoordinatorUIUITests" */;
			buildPhases = (
				C6D5D74F2865247F00C66EF0 /* Sources */,
				C6D5D7502865247F00C66EF0 /* Frameworks */,
				C6D5D7512865247F00C66EF0 /* Resources */,
			);
			buildRules = (
			);
			dependencies = (
				C6D5D7552865247F00C66EF0 /* PBXTargetDependency */,
			);
			name = CoordinatorUIUITests;
			productName = CoordinatorUIUITests;
			productReference = C6D5D7532865247F00C66EF0 /* CoordinatorUIUITests.xctest */;
			productType = "com.apple.product-type.bundle.ui-testing";
		};
/* End PBXNativeTarget section */

/* Begin PBXProject section */
		C6D5D7312865247D00C66EF0 /* Project object */ = {
			isa = PBXProject;
			attributes = {
				BuildIndependentTargetsInParallel = 1;
				LastSwiftUpdateCheck = 1340;
				LastUpgradeCheck = 1340;
				TargetAttributes = {
					C6D5D7382865247D00C66EF0 = {
						CreatedOnToolsVersion = 13.4;
					};
					C6D5D7482865247F00C66EF0 = {
						CreatedOnToolsVersion = 13.4;
						TestTargetID = C6D5D7382865247D00C66EF0;
					};
					C6D5D7522865247F00C66EF0 = {
						CreatedOnToolsVersion = 13.4;
						TestTargetID = C6D5D7382865247D00C66EF0;
					};
				};
			};
			buildConfigurationList = C6D5D7342865247D00C66EF0 /* Build configuration list for PBXProject "CoordinatorUI" */;
			compatibilityVersion = "Xcode 13.0";
			developmentRegion = en;
			hasScannedForEncodings = 0;
			knownRegions = (
				en,
				Base,
			);
			mainGroup = C6D5D7302865247D00C66EF0;
			productRefGroup = C6D5D73A2865247D00C66EF0 /* Products */;
			projectDirPath = "";
			projectRoot = "";
			targets = (
				C6D5D7382865247D00C66EF0 /* CoordinatorUI */,
				C6D5D7482865247F00C66EF0 /* CoordinatorUITests */,
				C6D5D7522865247F00C66EF0 /* CoordinatorUIUITests */,
			);
		};
/* End PBXProject section */

/* Begin PBXResourcesBuildPhase section */
		C6D5D7372865247D00C66EF0 /* Resources */ = {
			isa = PBXResourcesBuildPhase;
			buildActionMask = 2147483647;
			files = (
				C6D5D7442865247F00C66EF0 /* Preview Assets.xcassets in Resources */,
				C6D5D7412865247F00C66EF0 /* Assets.xcassets in Resources */,
			);
			runOnlyForDeploymentPostprocessing = 0;
		};
		C6D5D7472865247F00C66EF0 /* Resources */ = {
			isa = PBXResourcesBuildPhase;
			buildActionMask = 2147483647;
			files = (
			);
			runOnlyForDeploymentPostprocessing = 0;
		};
		C6D5D7512865247F00C66EF0 /* Resources */ = {
			isa = PBXResourcesBuildPhase;
			buildActionMask = 2147483647;
			files = (
			);
			runOnlyForDeploymentPostprocessing = 0;
		};
/* End PBXResourcesBuildPhase section */

/* Begin PBXSourcesBuildPhase section */
		C6D5D7352865247D00C66EF0 /* Sources */ = {
			isa = PBXSourcesBuildPhase;
			buildActionMask = 2147483647;
			files = (
				C65B39922867D99A00D8C968 /* Result.swift in Sources */,
				C6D5D73F2865247D00C66EF0 /* ContentView.swift in Sources */,
				C6D5D76A28652BAA00C66EF0 /* Message.swift in Sources */,
				C659621B2868C0FA0095CD58 /* FileManagerDocument.swift in Sources */,
				C65B39902867C52B00D8C968 /* EditView.swift in Sources */,
				C6D5D76828652B3700C66EF0 /* Chat.swift in Sources */,
				C6D5D76D28652CD600C66EF0 /* ChatService.swift in Sources */,
				C6D5D775286543B900C66EF0 /* User.swift in Sources */,
				C6D5D73D2865247D00C66EF0 /* CoordinatorUIApp.swift in Sources */,
				C617CEC2286A066A001147C9 /* EditModel.swift in Sources */,
				C6CF7D4E28666FB4000C4B1E /* Location.swift in Sources */,
				C65962192868B7480095CD58 /* ContentView-ViewModel.swift in Sources */,
			);
			runOnlyForDeploymentPostprocessing = 0;
		};
		C6D5D7452865247F00C66EF0 /* Sources */ = {
			isa = PBXSourcesBuildPhase;
			buildActionMask = 2147483647;
			files = (
				C6D5D74E2865247F00C66EF0 /* CoordinatorUITests.swift in Sources */,
			);
			runOnlyForDeploymentPostprocessing = 0;
		};
		C6D5D74F2865247F00C66EF0 /* Sources */ = {
			isa = PBXSourcesBuildPhase;
			buildActionMask = 2147483647;
			files = (
				C6D5D7582865247F00C66EF0 /* CoordinatorUIUITests.swift in Sources */,
				C6D5D75A2865247F00C66EF0 /* CoordinatorUIUITestsLaunchTests.swift in Sources */,
			);
			runOnlyForDeploymentPostprocessing = 0;
		};
/* End PBXSourcesBuildPhase section */

/* Begin PBXTargetDependency section */
		C6D5D74B2865247F00C66EF0 /* PBXTargetDependency */ = {
			isa = PBXTargetDependency;
			target = C6D5D7382865247D00C66EF0 /* CoordinatorUI */;
			targetProxy = C6D5D74A2865247F00C66EF0 /* PBXContainerItemProxy */;
		};
		C6D5D7552865247F00C66EF0 /* PBXTargetDependency */ = {
			isa = PBXTargetDependency;
			target = C6D5D7382865247D00C66EF0 /* CoordinatorUI */;
			targetProxy = C6D5D7542865247F00C66EF0 /* PBXContainerItemProxy */;
		};
/* End PBXTargetDependency section */

/* Begin XCBuildConfiguration section */
		C6D5D75B2865247F00C66EF0 /* Debug */ = {
			isa = XCBuildConfiguration;
			buildSettings = {
				ALWAYS_SEARCH_USER_PATHS = NO;
				CLANG_ANALYZER_NONNULL = YES;
				CLANG_ANALYZER_NUMBER_OBJECT_CONVERSION = YES_AGGRESSIVE;
				CLANG_CXX_LANGUAGE_STANDARD = "gnu++17";
				CLANG_ENABLE_MODULES = YES;
				CLANG_ENABLE_OBJC_ARC = YES;
				CLANG_ENABLE_OBJC_WEAK = YES;
				CLANG_WARN_BLOCK_CAPTURE_AUTORELEASING = YES;
				CLANG_WARN_BOOL_CONVERSION = YES;
				CLANG_WARN_COMMA = YES;
				CLANG_WARN_CONSTANT_CONVERSION = YES;
				CLANG_WARN_DEPRECATED_OBJC_IMPLEMENTATIONS = YES;
				CLANG_WARN_DIRECT_OBJC_ISA_USAGE = YES_ERROR;
				CLANG_WARN_DOCUMENTATION_COMMENTS = YES;
				CLANG_WARN_EMPTY_BODY = YES;
				CLANG_WARN_ENUM_CONVERSION = YES;
				CLANG_WARN_INFINITE_RECURSION = YES;
				CLANG_WARN_INT_CONVERSION = YES;
				CLANG_WARN_NON_LITERAL_NULL_CONVERSION = YES;
				CLANG_WARN_OBJC_IMPLICIT_RETAIN_SELF = YES;
				CLANG_WARN_OBJC_LITERAL_CONVERSION = YES;
				CLANG_WARN_OBJC_ROOT_CLASS = YES_ERROR;
				CLANG_WARN_QUOTED_INCLUDE_IN_FRAMEWORK_HEADER = YES;
				CLANG_WARN_RANGE_LOOP_ANALYSIS = YES;
				CLANG_WARN_STRICT_PROTOTYPES = YES;
				CLANG_WARN_SUSPICIOUS_MOVE = YES;
				CLANG_WARN_UNGUARDED_AVAILABILITY = YES_AGGRESSIVE;
				CLANG_WARN_UNREACHABLE_CODE = YES;
				CLANG_WARN__DUPLICATE_METHOD_MATCH = YES;
				COPY_PHASE_STRIP = NO;
				DEBUG_INFORMATION_FORMAT = dwarf;
				ENABLE_STRICT_OBJC_MSGSEND = YES;
				ENABLE_TESTABILITY = YES;
				GCC_C_LANGUAGE_STANDARD = gnu11;
				GCC_DYNAMIC_NO_PIC = NO;
				GCC_NO_COMMON_BLOCKS = YES;
				GCC_OPTIMIZATION_LEVEL = 0;
				GCC_PREPROCESSOR_DEFINITIONS = (
					"DEBUG=1",
					"$(inherited)",
				);
				GCC_WARN_64_TO_32_BIT_CONVERSION = YES;
				GCC_WARN_ABOUT_RETURN_TYPE = YES_ERROR;
				GCC_WARN_UNDECLARED_SELECTOR = YES;
				GCC_WARN_UNINITIALIZED_AUTOS = YES_AGGRESSIVE;
				GCC_WARN_UNUSED_FUNCTION = YES;
				GCC_WARN_UNUSED_VARIABLE = YES;
				IPHONEOS_DEPLOYMENT_TARGET = 15.5;
				MTL_ENABLE_DEBUG_INFO = INCLUDE_SOURCE;
				MTL_FAST_MATH = YES;
				ONLY_ACTIVE_ARCH = YES;
				SDKROOT = iphoneos;
				SWIFT_ACTIVE_COMPILATION_CONDITIONS = DEBUG;
				SWIFT_OPTIMIZATION_LEVEL = "-Onone";
			};
			name = Debug;
		};
		C6D5D75C2865247F00C66EF0 /* Release */ = {
			isa = XCBuildConfiguration;
			buildSettings = {
				ALWAYS_SEARCH_USER_PATHS = NO;
				CLANG_ANALYZER_NONNULL = YES;
				CLANG_ANALYZER_NUMBER_OBJECT_CONVERSION = YES_AGGRESSIVE;
				CLANG_CXX_LANGUAGE_STANDARD = "gnu++17";
				CLANG_ENABLE_MODULES = YES;
				CLANG_ENABLE_OBJC_ARC = YES;
				CLANG_ENABLE_OBJC_WEAK = YES;
				CLANG_WARN_BLOCK_CAPTURE_AUTORELEASING = YES;
				CLANG_WARN_BOOL_CONVERSION = YES;
				CLANG_WARN_COMMA = YES;
				CLANG_WARN_CONSTANT_CONVERSION = YES;
				CLANG_WARN_DEPRECATED_OBJC_IMPLEMENTATIONS = YES;
				CLANG_WARN_DIRECT_OBJC_ISA_USAGE = YES_ERROR;
				CLANG_WARN_DOCUMENTATION_COMMENTS = YES;
				CLANG_WARN_EMPTY_BODY = YES;
				CLANG_WARN_ENUM_CONVERSION = YES;
				CLANG_WARN_INFINITE_RECURSION = YES;
				CLANG_WARN_INT_CONVERSION = YES;
				CLANG_WARN_NON_LITERAL_NULL_CONVERSION = YES;
				CLANG_WARN_OBJC_IMPLICIT_RETAIN_SELF = YES;
				CLANG_WARN_OBJC_LITERAL_CONVERSION = YES;
				CLANG_WARN_OBJC_ROOT_CLASS = YES_ERROR;
				CLANG_WARN_QUOTED_INCLUDE_IN_FRAMEWORK_HEADER = YES;
				CLANG_WARN_RANGE_LOOP_ANALYSIS = YES;
				CLANG_WARN_STRICT_PROTOTYPES = YES;
				CLANG_WARN_SUSPICIOUS_MOVE = YES;
				CLANG_WARN_UNGUARDED_AVAILABILITY = YES_AGGRESSIVE;
				CLANG_WARN_UNREACHABLE_CODE = YES;
				CLANG_WARN__DUPLICATE_METHOD_MATCH = YES;
				COPY_PHASE_STRIP = NO;
				DEBUG_INFORMATION_FORMAT = "dwarf-with-dsym";
				ENABLE_NS_ASSERTIONS = NO;
				ENABLE_STRICT_OBJC_MSGSEND = YES;
				GCC_C_LANGUAGE_STANDARD = gnu11;
				GCC_NO_COMMON_BLOCKS = YES;
				GCC_WARN_64_TO_32_BIT_CONVERSION = YES;
				GCC_WARN_ABOUT_RETURN_TYPE = YES_ERROR;
				GCC_WARN_UNDECLARED_SELECTOR = YES;
				GCC_WARN_UNINITIALIZED_AUTOS = YES_AGGRESSIVE;
				GCC_WARN_UNUSED_FUNCTION = YES;
				GCC_WARN_UNUSED_VARIABLE = YES;
				IPHONEOS_DEPLOYMENT_TARGET = 15.5;
				MTL_ENABLE_DEBUG_INFO = NO;
				MTL_FAST_MATH = YES;
				SDKROOT = iphoneos;
				SWIFT_COMPILATION_MODE = wholemodule;
				SWIFT_OPTIMIZATION_LEVEL = "-O";
				VALIDATE_PRODUCT = YES;
			};
			name = Release;
		};
		C6D5D75E2865247F00C66EF0 /* Debug */ = {
			isa = XCBuildConfiguration;
			buildSettings = {
				ASSETCATALOG_COMPILER_APPICON_NAME = AppIcon;
				ASSETCATALOG_COMPILER_GLOBAL_ACCENT_COLOR_NAME = AccentColor;
				CODE_SIGN_STYLE = Automatic;
				CURRENT_PROJECT_VERSION = 1;
				DEVELOPMENT_ASSET_PATHS = "\"CoordinatorUI/Preview Content\"";
				DEVELOPMENT_TEAM = DBL7348NTB;
				ENABLE_PREVIEWS = YES;
				GENERATE_INFOPLIST_FILE = YES;
				INFOPLIST_KEY_NSFaceIDUsageDescription = "Please authenticate yourself to unlock your places.";
				INFOPLIST_KEY_UIApplicationSceneManifest_Generation = YES;
				INFOPLIST_KEY_UIApplicationSupportsIndirectInputEvents = YES;
				INFOPLIST_KEY_UILaunchScreen_Generation = YES;
				INFOPLIST_KEY_UISupportedInterfaceOrientations_iPad = "UIInterfaceOrientationPortrait UIInterfaceOrientationPortraitUpsideDown UIInterfaceOrientationLandscapeLeft UIInterfaceOrientationLandscapeRight";
				INFOPLIST_KEY_UISupportedInterfaceOrientations_iPhone = "UIInterfaceOrientationPortrait UIInterfaceOrientationLandscapeLeft UIInterfaceOrientationLandscapeRight";
				LD_RUNPATH_SEARCH_PATHS = (
					"$(inherited)",
					"@executable_path/Frameworks",
				);
				MARKETING_VERSION = 1.0;
				PRODUCT_BUNDLE_IDENTIFIER = Kyrychenko.CoordinatorUI;
				PRODUCT_NAME = "$(TARGET_NAME)";
				SWIFT_EMIT_LOC_STRINGS = YES;
				SWIFT_VERSION = 5.0;
				TARGETED_DEVICE_FAMILY = "1,2";
			};
			name = Debug;
		};
		C6D5D75F2865247F00C66EF0 /* Release */ = {
			isa = XCBuildConfiguration;
			buildSettings = {
				ASSETCATALOG_COMPILER_APPICON_NAME = AppIcon;
				ASSETCATALOG_COMPILER_GLOBAL_ACCENT_COLOR_NAME = AccentColor;
				CODE_SIGN_STYLE = Automatic;
				CURRENT_PROJECT_VERSION = 1;
				DEVELOPMENT_ASSET_PATHS = "\"CoordinatorUI/Preview Content\"";
				DEVELOPMENT_TEAM = DBL7348NTB;
				ENABLE_PREVIEWS = YES;
				GENERATE_INFOPLIST_FILE = YES;
				INFOPLIST_KEY_NSFaceIDUsageDescription = "Please authenticate yourself to unlock your places.";
				INFOPLIST_KEY_UIApplicationSceneManifest_Generation = YES;
				INFOPLIST_KEY_UIApplicationSupportsIndirectInputEvents = YES;
				INFOPLIST_KEY_UILaunchScreen_Generation = YES;
				INFOPLIST_KEY_UISupportedInterfaceOrientations_iPad = "UIInterfaceOrientationPortrait UIInterfaceOrientationPortraitUpsideDown UIInterfaceOrientationLandscapeLeft UIInterfaceOrientationLandscapeRight";
				INFOPLIST_KEY_UISupportedInterfaceOrientations_iPhone = "UIInterfaceOrientationPortrait UIInterfaceOrientationLandscapeLeft UIInterfaceOrientationLandscapeRight";
				LD_RUNPATH_SEARCH_PATHS = (
					"$(inherited)",
					"@executable_path/Frameworks",
				);
				MARKETING_VERSION = 1.0;
				PRODUCT_BUNDLE_IDENTIFIER = Kyrychenko.CoordinatorUI;
				PRODUCT_NAME = "$(TARGET_NAME)";
				SWIFT_EMIT_LOC_STRINGS = YES;
				SWIFT_VERSION = 5.0;
				TARGETED_DEVICE_FAMILY = "1,2";
			};
			name = Release;
		};
		C6D5D7612865247F00C66EF0 /* Debug */ = {
			isa = XCBuildConfiguration;
			buildSettings = {
				ALWAYS_EMBED_SWIFT_STANDARD_LIBRARIES = YES;
				BUNDLE_LOADER = "$(TEST_HOST)";
				CODE_SIGN_STYLE = Automatic;
				CURRENT_PROJECT_VERSION = 1;
				DEVELOPMENT_TEAM = DBL7348NTB;
				GENERATE_INFOPLIST_FILE = YES;
				IPHONEOS_DEPLOYMENT_TARGET = 15.5;
				MARKETING_VERSION = 1.0;
				PRODUCT_BUNDLE_IDENTIFIER = Kyrychenko.CoordinatorUITests;
				PRODUCT_NAME = "$(TARGET_NAME)";
				SWIFT_EMIT_LOC_STRINGS = NO;
				SWIFT_VERSION = 5.0;
				TARGETED_DEVICE_FAMILY = "1,2";
				TEST_HOST = "$(BUILT_PRODUCTS_DIR)/CoordinatorUI.app/CoordinatorUI";
			};
			name = Debug;
		};
		C6D5D7622865247F00C66EF0 /* Release */ = {
			isa = XCBuildConfiguration;
			buildSettings = {
				ALWAYS_EMBED_SWIFT_STANDARD_LIBRARIES = YES;
				BUNDLE_LOADER = "$(TEST_HOST)";
				CODE_SIGN_STYLE = Automatic;
				CURRENT_PROJECT_VERSION = 1;
				DEVELOPMENT_TEAM = DBL7348NTB;
				GENERATE_INFOPLIST_FILE = YES;
				IPHONEOS_DEPLOYMENT_TARGET = 15.5;
				MARKETING_VERSION = 1.0;
				PRODUCT_BUNDLE_IDENTIFIER = Kyrychenko.CoordinatorUITests;
				PRODUCT_NAME = "$(TARGET_NAME)";
				SWIFT_EMIT_LOC_STRINGS = NO;
				SWIFT_VERSION = 5.0;
				TARGETED_DEVICE_FAMILY = "1,2";
				TEST_HOST = "$(BUILT_PRODUCTS_DIR)/CoordinatorUI.app/CoordinatorUI";
			};
			name = Release;
		};
		C6D5D7642865247F00C66EF0 /* Debug */ = {
			isa = XCBuildConfiguration;
			buildSettings = {
				ALWAYS_EMBED_SWIFT_STANDARD_LIBRARIES = YES;
				CODE_SIGN_STYLE = Automatic;
				CURRENT_PROJECT_VERSION = 1;
				DEVELOPMENT_TEAM = DBL7348NTB;
				GENERATE_INFOPLIST_FILE = YES;
				MARKETING_VERSION = 1.0;
				PRODUCT_BUNDLE_IDENTIFIER = Kyrychenko.CoordinatorUIUITests;
				PRODUCT_NAME = "$(TARGET_NAME)";
				SWIFT_EMIT_LOC_STRINGS = NO;
				SWIFT_VERSION = 5.0;
				TARGETED_DEVICE_FAMILY = "1,2";
				TEST_TARGET_NAME = CoordinatorUI;
			};
			name = Debug;
		};
		C6D5D7652865247F00C66EF0 /* Release */ = {
			isa = XCBuildConfiguration;
			buildSettings = {
				ALWAYS_EMBED_SWIFT_STANDARD_LIBRARIES = YES;
				CODE_SIGN_STYLE = Automatic;
				CURRENT_PROJECT_VERSION = 1;
				DEVELOPMENT_TEAM = DBL7348NTB;
				GENERATE_INFOPLIST_FILE = YES;
				MARKETING_VERSION = 1.0;
				PRODUCT_BUNDLE_IDENTIFIER = Kyrychenko.CoordinatorUIUITests;
				PRODUCT_NAME = "$(TARGET_NAME)";
				SWIFT_EMIT_LOC_STRINGS = NO;
				SWIFT_VERSION = 5.0;
				TARGETED_DEVICE_FAMILY = "1,2";
				TEST_TARGET_NAME = CoordinatorUI;
			};
			name = Release;
		};
/* End XCBuildConfiguration section */

/* Begin XCConfigurationList section */
		C6D5D7342865247D00C66EF0 /* Build configuration list for PBXProject "CoordinatorUI" */ = {
			isa = XCConfigurationList;
			buildConfigurations = (
				C6D5D75B2865247F00C66EF0 /* Debug */,
				C6D5D75C2865247F00C66EF0 /* Release */,
			);
			defaultConfigurationIsVisible = 0;
			defaultConfigurationName = Release;
		};
		C6D5D75D2865247F00C66EF0 /* Build configuration list for PBXNativeTarget "CoordinatorUI" */ = {
			isa = XCConfigurationList;
			buildConfigurations = (
				C6D5D75E2865247F00C66EF0 /* Debug */,
				C6D5D75F2865247F00C66EF0 /* Release */,
			);
			defaultConfigurationIsVisible = 0;
			defaultConfigurationName = Release;
		};
		C6D5D7602865247F00C66EF0 /* Build configuration list for PBXNativeTarget "CoordinatorUITests" */ = {
			isa = XCConfigurationList;
			buildConfigurations = (
				C6D5D7612865247F00C66EF0 /* Debug */,
				C6D5D7622865247F00C66EF0 /* Release */,
			);
			defaultConfigurationIsVisible = 0;
			defaultConfigurationName = Release;
		};
		C6D5D7632865247F00C66EF0 /* Build configuration list for PBXNativeTarget "CoordinatorUIUITests" */ = {
			isa = XCConfigurationList;
			buildConfigurations = (
				C6D5D7642865247F00C66EF0 /* Debug */,
				C6D5D7652865247F00C66EF0 /* Release */,
			);
			defaultConfigurationIsVisible = 0;
			defaultConfigurationName = Release;
		};
/* End XCConfigurationList section */
	};
	rootObject = C6D5D7312865247D00C66EF0 /* Project object */;
}
